{
  "name": "yp_react_s3_stellar-burgers",
  "version": "1.0.0",
  "lockfileVersion": 3,
  "requires": true,
  "packages": {
    "": {
      "name": "yp_react_s3_stellar-burgers",
      "version": "1.0.0",
      "license": "ISC",
      "workspaces": [
        "packages/js-router"
      ]
    },
    "node_modules/js-router": {
      "resolved": "packages/js-router",
      "link": true
    },
    "packages/js-router": {
      "version": "1.0.0",
      "license": "ISC"
    }
  }
}
